
Microsoft Visual Studio Solution File, Format Version 12.00
# Visual Studio 15
VisualStudioVersion = 15.0.28010.2036
MinimumVisualStudioVersion = 10.0.40219.1
Project("{FAE04EC0-301F-11D3-BF4B-00C04F79EFBC}") = "SpaceInvaders", "SpaceInvaders\SpaceInvaders.csproj", "{303AC6F5-C708-46BA-8EB7-56BDE6984C3C}"
EndProject
Project("{2150E333-8FDC-42A3-9474-1A3956D46DE8}") = "Solution Items", "Solution Items", "{D3796357-FB16-43C4-BBAA-88F7349363C5}"
	ProjectSection(SolutionItems) = preProject
		Exercise Checking Report.txt = Exercise Checking Report.txt
	EndProjectSection
EndProject
Project("{FAE04EC0-301F-11D3-BF4B-00C04F79EFBC}") = "Infrastructure", "Infrastructure\Infrastructure.csproj", "{BA2FC29B-8640-463C-B7C0-1D1AED9C67BF}"
EndProject
Global
	GlobalSection(SolutionConfigurationPlatforms) = preSolution
		Debug|x86 = Debug|x86
		Release|x86 = Release|x86
	EndGlobalSection
	GlobalSection(ProjectConfigurationPlatforms) = postSolution
		{303AC6F5-C708-46BA-8EB7-56BDE6984C3C}.Debug|x86.ActiveCfg = Debug|x86
		{303AC6F5-C708-46BA-8EB7-56BDE6984C3C}.Debug|x86.Build.0 = Debug|x86
		{303AC6F5-C708-46BA-8EB7-56BDE6984C3C}.Release|x86.ActiveCfg = Release|x86
		{303AC6F5-C708-46BA-8EB7-56BDE6984C3C}.Release|x86.Build.0 = Release|x86
		{BA2FC29B-8640-463C-B7C0-1D1AED9C67BF}.Debug|x86.ActiveCfg = Debug|x86
		{BA2FC29B-8640-463C-B7C0-1D1AED9C67BF}.Debug|x86.Build.0 = Debug|x86
		{BA2FC29B-8640-463C-B7C0-1D1AED9C67BF}.Release|x86.ActiveCfg = Release|x86
		{BA2FC29B-8640-463C-B7C0-1D1AED9C67BF}.Release|x86.Build.0 = Release|x86
	EndGlobalSection
	GlobalSection(SolutionProperties) = preSolution
		HideSolutionNode = FALSE
	EndGlobalSection
	GlobalSection(ExtensibilityGlobals) = postSolution
		SolutionGuid = {53F3EDE2-67D6-44FA-B9A4-3BB5A134B6B1}
	EndGlobalSection
EndGlobal
