
Microsoft Visual Studio Solution File, Format Version 12.00
# Visual Studio 15
VisualStudioVersion = 15.0.28010.2036
MinimumVisualStudioVersion = 10.0.40219.1
Project("{FAE04EC0-301F-11D3-BF4B-00C04F79EFBC}") = "SpaceInvaders", "SpaceInvaders\SpaceInvaders.csproj", "{303AC6F5-C708-46BA-8EB7-56BDE6984C3C}"
EndProject
Global
	GlobalSection(SolutionConfigurationPlatforms) = preSolution
		Debug|x86 = Debug|x86
		Release|x86 = Release|x86
	EndGlobalSection
	GlobalSection(ProjectConfigurationPlatforms) = postSolution
		{303AC6F5-C708-46BA-8EB7-56BDE6984C3C}.Debug|x86.ActiveCfg = Debug|x86
		{303AC6F5-C708-46BA-8EB7-56BDE6984C3C}.Debug|x86.Build.0 = Debug|x86
		{303AC6F5-C708-46BA-8EB7-56BDE6984C3C}.Release|x86.ActiveCfg = Release|x86
		{303AC6F5-C708-46BA-8EB7-56BDE6984C3C}.Release|x86.Build.0 = Release|x86
	EndGlobalSection
	GlobalSection(SolutionProperties) = preSolution
		HideSolutionNode = FALSE
	EndGlobalSection
	GlobalSection(ExtensibilityGlobals) = postSolution
		SolutionGuid = {53F3EDE2-67D6-44FA-B9A4-3BB5A134B6B1}
	EndGlobalSection
EndGlobal
